
Microsoft Visual Studio Solution File, Format Version 12.00
# Visual Studio 2012
Project("{FAE04EC0-301F-11D3-BF4B-00C04F79EFBC}") = "启动项管理", "启动项管理\启动项管理.csproj", "{312669E2-19D5-44B9-B019-A319A1C46BFB}"
EndProject
Global
	GlobalSection(SolutionConfigurationPlatforms) = preSolution
		Debug|Any CPU = Debug|Any CPU
		Release|Any CPU = Release|Any CPU
	EndGlobalSection
	GlobalSection(ProjectConfigurationPlatforms) = postSolution
		{312669E2-19D5-44B9-B019-A319A1C46BFB}.Debug|Any CPU.ActiveCfg = Debug|Any CPU
		{312669E2-19D5-44B9-B019-A319A1C46BFB}.Debug|Any CPU.Build.0 = Debug|Any CPU
		{312669E2-19D5-44B9-B019-A319A1C46BFB}.Release|Any CPU.ActiveCfg = Release|Any CPU
		{312669E2-19D5-44B9-B019-A319A1C46BFB}.Release|Any CPU.Build.0 = Release|Any CPU
	EndGlobalSection
	GlobalSection(SolutionProperties) = preSolution
		HideSolutionNode = FALSE
	EndGlobalSection
EndGlobal
